
Microsoft Visual Studio Solution File, Format Version 12.00
# Visual Studio 15
VisualStudioVersion = 15.0.27428.2037
MinimumVisualStudioVersion = 10.0.40219.1
Project("{FAE04EC0-301F-11D3-BF4B-00C04F79EFBC}") = "ConsoleAppEquals", "ConsoleAppEquals\ConsoleAppEquals.csproj", "{C6B1050C-F5A8-4A94-BF92-D161B8AD5B59}"
EndProject
Global
	GlobalSection(SolutionConfigurationPlatforms) = preSolution
		Debug|Any CPU = Debug|Any CPU
		Release|Any CPU = Release|Any CPU
	EndGlobalSection
	GlobalSection(ProjectConfigurationPlatforms) = postSolution
		{C6B1050C-F5A8-4A94-BF92-D161B8AD5B59}.Debug|Any CPU.ActiveCfg = Debug|Any CPU
		{C6B1050C-F5A8-4A94-BF92-D161B8AD5B59}.Debug|Any CPU.Build.0 = Debug|Any CPU
		{C6B1050C-F5A8-4A94-BF92-D161B8AD5B59}.Release|Any CPU.ActiveCfg = Release|Any CPU
		{C6B1050C-F5A8-4A94-BF92-D161B8AD5B59}.Release|Any CPU.Build.0 = Release|Any CPU
	EndGlobalSection
	GlobalSection(SolutionProperties) = preSolution
		HideSolutionNode = FALSE
	EndGlobalSection
	GlobalSection(ExtensibilityGlobals) = postSolution
		SolutionGuid = {A24846E8-5C3C-4F82-AEB8-F7DFAA360788}
	EndGlobalSection
EndGlobal
