
Microsoft Visual Studio Solution File, Format Version 12.00
# Visual Studio 15
VisualStudioVersion = 15.0.28307.168
MinimumVisualStudioVersion = 10.0.40219.1
Project("{FAE04EC0-301F-11D3-BF4B-00C04F79EFBC}") = "repOutRef", "repOutRef\repOutRef.csproj", "{7D6825BE-57DB-4D36-8282-094543FAD136}"
EndProject
Global
	GlobalSection(SolutionConfigurationPlatforms) = preSolution
		Debug|Any CPU = Debug|Any CPU
		Release|Any CPU = Release|Any CPU
	EndGlobalSection
	GlobalSection(ProjectConfigurationPlatforms) = postSolution
		{7D6825BE-57DB-4D36-8282-094543FAD136}.Debug|Any CPU.ActiveCfg = Debug|Any CPU
		{7D6825BE-57DB-4D36-8282-094543FAD136}.Debug|Any CPU.Build.0 = Debug|Any CPU
		{7D6825BE-57DB-4D36-8282-094543FAD136}.Release|Any CPU.ActiveCfg = Release|Any CPU
		{7D6825BE-57DB-4D36-8282-094543FAD136}.Release|Any CPU.Build.0 = Release|Any CPU
	EndGlobalSection
	GlobalSection(SolutionProperties) = preSolution
		HideSolutionNode = FALSE
	EndGlobalSection
	GlobalSection(ExtensibilityGlobals) = postSolution
		SolutionGuid = {01768E9D-6145-469F-81D1-6E4194AEEE84}
	EndGlobalSection
EndGlobal
