
Microsoft Visual Studio Solution File, Format Version 12.00
# Visual Studio 15
VisualStudioVersion = 15.0.27428.2037
MinimumVisualStudioVersion = 10.0.40219.1
Project("{FAE04EC0-301F-11D3-BF4B-00C04F79EFBC}") = "wyjatekThrow", "wyjatekThrow\wyjatekThrow.csproj", "{648D1F91-7265-437E-8737-938B50F562F6}"
EndProject
Global
	GlobalSection(SolutionConfigurationPlatforms) = preSolution
		Debug|Any CPU = Debug|Any CPU
		Release|Any CPU = Release|Any CPU
	EndGlobalSection
	GlobalSection(ProjectConfigurationPlatforms) = postSolution
		{648D1F91-7265-437E-8737-938B50F562F6}.Debug|Any CPU.ActiveCfg = Debug|Any CPU
		{648D1F91-7265-437E-8737-938B50F562F6}.Debug|Any CPU.Build.0 = Debug|Any CPU
		{648D1F91-7265-437E-8737-938B50F562F6}.Release|Any CPU.ActiveCfg = Release|Any CPU
		{648D1F91-7265-437E-8737-938B50F562F6}.Release|Any CPU.Build.0 = Release|Any CPU
	EndGlobalSection
	GlobalSection(SolutionProperties) = preSolution
		HideSolutionNode = FALSE
	EndGlobalSection
	GlobalSection(ExtensibilityGlobals) = postSolution
		SolutionGuid = {285784C7-1F05-4858-8FA3-514690EBCF23}
	EndGlobalSection
EndGlobal
