
Microsoft Visual Studio Solution File, Format Version 12.00
# Visual Studio 15
VisualStudioVersion = 15.0.27428.2037
MinimumVisualStudioVersion = 10.0.40219.1
Project("{FAE04EC0-301F-11D3-BF4B-00C04F79EFBC}") = "Lekcja6", "Lekcja6\Lekcja6.csproj", "{0A256763-4301-4B7B-8B77-7C9750025E70}"
EndProject
Global
	GlobalSection(SolutionConfigurationPlatforms) = preSolution
		Debug|Any CPU = Debug|Any CPU
		Release|Any CPU = Release|Any CPU
	EndGlobalSection
	GlobalSection(ProjectConfigurationPlatforms) = postSolution
		{0A256763-4301-4B7B-8B77-7C9750025E70}.Debug|Any CPU.ActiveCfg = Debug|Any CPU
		{0A256763-4301-4B7B-8B77-7C9750025E70}.Debug|Any CPU.Build.0 = Debug|Any CPU
		{0A256763-4301-4B7B-8B77-7C9750025E70}.Release|Any CPU.ActiveCfg = Release|Any CPU
		{0A256763-4301-4B7B-8B77-7C9750025E70}.Release|Any CPU.Build.0 = Release|Any CPU
	EndGlobalSection
	GlobalSection(SolutionProperties) = preSolution
		HideSolutionNode = FALSE
	EndGlobalSection
	GlobalSection(ExtensibilityGlobals) = postSolution
		SolutionGuid = {8C1EC4E2-1FC0-404C-A3B9-0EA06655EB5E}
	EndGlobalSection
EndGlobal
