
Microsoft Visual Studio Solution File, Format Version 12.00
# Visual Studio 15
VisualStudioVersion = 15.0.27428.2037
MinimumVisualStudioVersion = 10.0.40219.1
Project("{FAE04EC0-301F-11D3-BF4B-00C04F79EFBC}") = "WpfApp1", "WpfApp1\WpfApp1.csproj", "{D13A9D69-401A-46FE-95E8-AEC3CCF9DFCD}"
EndProject
Global
	GlobalSection(SolutionConfigurationPlatforms) = preSolution
		Debug|Any CPU = Debug|Any CPU
		Release|Any CPU = Release|Any CPU
	EndGlobalSection
	GlobalSection(ProjectConfigurationPlatforms) = postSolution
		{D13A9D69-401A-46FE-95E8-AEC3CCF9DFCD}.Debug|Any CPU.ActiveCfg = Debug|Any CPU
		{D13A9D69-401A-46FE-95E8-AEC3CCF9DFCD}.Debug|Any CPU.Build.0 = Debug|Any CPU
		{D13A9D69-401A-46FE-95E8-AEC3CCF9DFCD}.Release|Any CPU.ActiveCfg = Release|Any CPU
		{D13A9D69-401A-46FE-95E8-AEC3CCF9DFCD}.Release|Any CPU.Build.0 = Release|Any CPU
	EndGlobalSection
	GlobalSection(SolutionProperties) = preSolution
		HideSolutionNode = FALSE
	EndGlobalSection
	GlobalSection(ExtensibilityGlobals) = postSolution
		SolutionGuid = {531F62F6-60B0-49C9-9C3A-FDB2D2EDEC97}
	EndGlobalSection
EndGlobal
